// !$*UTF8*$!
{
	archiveVersion = 1;
	classes = {
	};
	objectVersion = 55;
	objects = {

/* Begin PBXBuildFile section */
		930664F9277CE86B00196D0C /* AppDelegate.swift in Sources */ = {isa = PBXBuildFile; fileRef = 930664F8277CE86B00196D0C /* AppDelegate.swift */; };
		930664FB277CE86B00196D0C /* SceneDelegate.swift in Sources */ = {isa = PBXBuildFile; fileRef = 930664FA277CE86B00196D0C /* SceneDelegate.swift */; };
		93066500277CE86B00196D0C /* Main.storyboard in Resources */ = {isa = PBXBuildFile; fileRef = 930664FE277CE86B00196D0C /* Main.storyboard */; };
		93066502277CE86C00196D0C /* Assets.xcassets in Resources */ = {isa = PBXBuildFile; fileRef = 93066501277CE86C00196D0C /* Assets.xcassets */; };
		93066505277CE86C00196D0C /* LaunchScreen.storyboard in Resources */ = {isa = PBXBuildFile; fileRef = 93066503277CE86C00196D0C /* LaunchScreen.storyboard */; };
		93066510277CE86C00196D0C /* NewsAppMVVMTests.swift in Sources */ = {isa = PBXBuildFile; fileRef = 9306650F277CE86C00196D0C /* NewsAppMVVMTests.swift */; };
		9306651A277CE86C00196D0C /* NewsAppMVVMUITests.swift in Sources */ = {isa = PBXBuildFile; fileRef = 93066519277CE86C00196D0C /* NewsAppMVVMUITests.swift */; };
		9306651C277CE86C00196D0C /* NewsAppMVVMUITestsLaunchTests.swift in Sources */ = {isa = PBXBuildFile; fileRef = 9306651B277CE86C00196D0C /* NewsAppMVVMUITestsLaunchTests.swift */; };
		9306652A277CE9D700196D0C /* NewsListTableViewController.swift in Sources */ = {isa = PBXBuildFile; fileRef = 93066529277CE9D700196D0C /* NewsListTableViewController.swift */; };
		93253082277CF753004043DE /* WebService.swift in Sources */ = {isa = PBXBuildFile; fileRef = 93253081277CF753004043DE /* WebService.swift */; };
		93253084277CFA67004043DE /* Article.swift in Sources */ = {isa = PBXBuildFile; fileRef = 93253083277CFA67004043DE /* Article.swift */; };
		93253088277D1EA1004043DE /* ArticleViewModel.swift in Sources */ = {isa = PBXBuildFile; fileRef = 93253087277D1EA1004043DE /* ArticleViewModel.swift */; };
		933162EE277D3B1C00E40468 /* LoadingCell.swift in Sources */ = {isa = PBXBuildFile; fileRef = 933162EC277D3B1C00E40468 /* LoadingCell.swift */; };
		933162EF277D3B1C00E40468 /* LoadingCell.xib in Resources */ = {isa = PBXBuildFile; fileRef = 933162ED277D3B1C00E40468 /* LoadingCell.xib */; };
		933162F2277D3BB200E40468 /* ArticleTableViewCell.swift in Sources */ = {isa = PBXBuildFile; fileRef = 933162F0277D3BB200E40468 /* ArticleTableViewCell.swift */; };
		933162F3277D3BB200E40468 /* ArticleTableViewCell.xib in Resources */ = {isa = PBXBuildFile; fileRef = 933162F1277D3BB200E40468 /* ArticleTableViewCell.xib */; };
/* End PBXBuildFile section */

/* Begin PBXContainerItemProxy section */
		9306650C277CE86C00196D0C /* PBXContainerItemProxy */ = {
			isa = PBXContainerItemProxy;
			containerPortal = 930664ED277CE86B00196D0C /* Project object */;
			proxyType = 1;
			remoteGlobalIDString = 930664F4277CE86B00196D0C;
			remoteInfo = NewsAppMVVM;
		};
		93066516277CE86C00196D0C /* PBXContainerItemProxy */ = {
			isa = PBXContainerItemProxy;
			containerPortal = 930664ED277CE86B00196D0C /* Project object */;
			proxyType = 1;
			remoteGlobalIDString = 930664F4277CE86B00196D0C;
			remoteInfo = NewsAppMVVM;
		};
/* End PBXContainerItemProxy section */

/* Begin PBXFileReference section */
		930664F5277CE86B00196D0C /* NewsAppMVVM.app */ = {isa = PBXFileReference; explicitFileType = wrapper.application; includeInIndex = 0; path = NewsAppMVVM.app; sourceTree = BUILT_PRODUCTS_DIR; };
		930664F8277CE86B00196D0C /* AppDelegate.swift */ = {isa = PBXFileReference; lastKnownFileType = sourcecode.swift; path = AppDelegate.swift; sourceTree = "<group>"; };
		930664FA277CE86B00196D0C /* SceneDelegate.swift */ = {isa = PBXFileReference; lastKnownFileType = sourcecode.swift; path = SceneDelegate.swift; sourceTree = "<group>"; };
		930664FF277CE86B00196D0C /* Base */ = {isa = PBXFileReference; lastKnownFileType = file.storyboard; name = Base; path = Base.lproj/Main.storyboard; sourceTree = "<group>"; };
		93066501277CE86C00196D0C /* Assets.xcassets */ = {isa = PBXFileReference; lastKnownFileType = folder.assetcatalog; path = Assets.xcassets; sourceTree = "<group>"; };
		93066504277CE86C00196D0C /* Base */ = {isa = PBXFileReference; lastKnownFileType = file.storyboard; name = Base; path = Base.lproj/LaunchScreen.storyboard; sourceTree = "<group>"; };
		93066506277CE86C00196D0C /* Info.plist */ = {isa = PBXFileReference; lastKnownFileType = text.plist.xml; path = Info.plist; sourceTree = "<group>"; };
		9306650B277CE86C00196D0C /* NewsAppMVVMTests.xctest */ = {isa = PBXFileReference; explicitFileType = wrapper.cfbundle; includeInIndex = 0; path = NewsAppMVVMTests.xctest; sourceTree = BUILT_PRODUCTS_DIR; };
		9306650F277CE86C00196D0C /* NewsAppMVVMTests.swift */ = {isa = PBXFileReference; lastKnownFileType = sourcecode.swift; path = NewsAppMVVMTests.swift; sourceTree = "<group>"; };
		93066515277CE86C00196D0C /* NewsAppMVVMUITests.xctest */ = {isa = PBXFileReference; explicitFileType = wrapper.cfbundle; includeInIndex = 0; path = NewsAppMVVMUITests.xctest; sourceTree = BUILT_PRODUCTS_DIR; };
		93066519277CE86C00196D0C /* NewsAppMVVMUITests.swift */ = {isa = PBXFileReference; lastKnownFileType = sourcecode.swift; path = NewsAppMVVMUITests.swift; sourceTree = "<group>"; };
		9306651B277CE86C00196D0C /* NewsAppMVVMUITestsLaunchTests.swift */ = {isa = PBXFileReference; lastKnownFileType = sourcecode.swift; path = NewsAppMVVMUITestsLaunchTests.swift; sourceTree = "<group>"; };
		93066529277CE9D700196D0C /* NewsListTableViewController.swift */ = {isa = PBXFileReference; lastKnownFileType = sourcecode.swift; path = NewsListTableViewController.swift; sourceTree = "<group>"; };
		93253081277CF753004043DE /* WebService.swift */ = {isa = PBXFileReference; lastKnownFileType = sourcecode.swift; path = WebService.swift; sourceTree = "<group>"; };
		93253083277CFA67004043DE /* Article.swift */ = {isa = PBXFileReference; lastKnownFileType = sourcecode.swift; path = Article.swift; sourceTree = "<group>"; };
		93253087277D1EA1004043DE /* ArticleViewModel.swift */ = {isa = PBXFileReference; lastKnownFileType = sourcecode.swift; path = ArticleViewModel.swift; sourceTree = "<group>"; };
		933162EC277D3B1C00E40468 /* LoadingCell.swift */ = {isa = PBXFileReference; lastKnownFileType = sourcecode.swift; path = LoadingCell.swift; sourceTree = "<group>"; };
		933162ED277D3B1C00E40468 /* LoadingCell.xib */ = {isa = PBXFileReference; lastKnownFileType = file.xib; path = LoadingCell.xib; sourceTree = "<group>"; };
		933162F0277D3BB200E40468 /* ArticleTableViewCell.swift */ = {isa = PBXFileReference; lastKnownFileType = sourcecode.swift; path = ArticleTableViewCell.swift; sourceTree = "<group>"; };
		933162F1277D3BB200E40468 /* ArticleTableViewCell.xib */ = {isa = PBXFileReference; lastKnownFileType = file.xib; path = ArticleTableViewCell.xib; sourceTree = "<group>"; };
/* End PBXFileReference section */

/* Begin PBXFrameworksBuildPhase section */
		930664F2277CE86B00196D0C /* Frameworks */ = {
			isa = PBXFrameworksBuildPhase;
			buildActionMask = 2147483647;
			files = (
			);
			runOnlyForDeploymentPostprocessing = 0;
		};
		93066508277CE86C00196D0C /* Frameworks */ = {
			isa = PBXFrameworksBuildPhase;
			buildActionMask = 2147483647;
			files = (
			);
			runOnlyForDeploymentPostprocessing = 0;
		};
		93066512277CE86C00196D0C /* Frameworks */ = {
			isa = PBXFrameworksBuildPhase;
			buildActionMask = 2147483647;
			files = (
			);
			runOnlyForDeploymentPostprocessing = 0;
		};
/* End PBXFrameworksBuildPhase section */

/* Begin PBXGroup section */
		930664EC277CE86B00196D0C = {
			isa = PBXGroup;
			children = (
				930664F7277CE86B00196D0C /* NewsAppMVVM */,
				9306650E277CE86C00196D0C /* NewsAppMVVMTests */,
				93066518277CE86C00196D0C /* NewsAppMVVMUITests */,
				930664F6277CE86B00196D0C /* Products */,
			);
			sourceTree = "<group>";
		};
		930664F6277CE86B00196D0C /* Products */ = {
			isa = PBXGroup;
			children = (
				930664F5277CE86B00196D0C /* NewsAppMVVM.app */,
				9306650B277CE86C00196D0C /* NewsAppMVVMTests.xctest */,
				93066515277CE86C00196D0C /* NewsAppMVVMUITests.xctest */,
			);
			name = Products;
			sourceTree = "<group>";
		};
		930664F7277CE86B00196D0C /* NewsAppMVVM */ = {
			isa = PBXGroup;
			children = (
				93253089277D27D2004043DE /* Cells */,
				93253086277D1E1F004043DE /* ViewModels */,
				93253085277CFA81004043DE /* Models */,
				93253080277CF748004043DE /* Services */,
				93066528277CE9AE00196D0C /* Controllers */,
				930664F8277CE86B00196D0C /* AppDelegate.swift */,
				930664FA277CE86B00196D0C /* SceneDelegate.swift */,
				930664FE277CE86B00196D0C /* Main.storyboard */,
				93066501277CE86C00196D0C /* Assets.xcassets */,
				93066503277CE86C00196D0C /* LaunchScreen.storyboard */,
				93066506277CE86C00196D0C /* Info.plist */,
			);
			path = NewsAppMVVM;
			sourceTree = "<group>";
		};
		9306650E277CE86C00196D0C /* NewsAppMVVMTests */ = {
			isa = PBXGroup;
			children = (
				9306650F277CE86C00196D0C /* NewsAppMVVMTests.swift */,
			);
			path = NewsAppMVVMTests;
			sourceTree = "<group>";
		};
		93066518277CE86C00196D0C /* NewsAppMVVMUITests */ = {
			isa = PBXGroup;
			children = (
				93066519277CE86C00196D0C /* NewsAppMVVMUITests.swift */,
				9306651B277CE86C00196D0C /* NewsAppMVVMUITestsLaunchTests.swift */,
			);
			path = NewsAppMVVMUITests;
			sourceTree = "<group>";
		};
		93066528277CE9AE00196D0C /* Controllers */ = {
			isa = PBXGroup;
			children = (
				93066529277CE9D700196D0C /* NewsListTableViewController.swift */,
			);
			path = Controllers;
			sourceTree = "<group>";
		};
		93253080277CF748004043DE /* Services */ = {
			isa = PBXGroup;
			children = (
				93253081277CF753004043DE /* WebService.swift */,
			);
			path = Services;
			sourceTree = "<group>";
		};
		93253085277CFA81004043DE /* Models */ = {
			isa = PBXGroup;
			children = (
				93253083277CFA67004043DE /* Article.swift */,
			);
			path = Models;
			sourceTree = "<group>";
		};
		93253086277D1E1F004043DE /* ViewModels */ = {
			isa = PBXGroup;
			children = (
				93253087277D1EA1004043DE /* ArticleViewModel.swift */,
			);
			path = ViewModels;
			sourceTree = "<group>";
		};
		93253089277D27D2004043DE /* Cells */ = {
			isa = PBXGroup;
			children = (
				933162EB277D3ADF00E40468 /* ArticleTableViewCell */,
				933162EA277D371800E40468 /* LoadingCell */,
			);
			path = Cells;
			sourceTree = "<group>";
		};
		933162EA277D371800E40468 /* LoadingCell */ = {
			isa = PBXGroup;
			children = (
				933162EC277D3B1C00E40468 /* LoadingCell.swift */,
				933162ED277D3B1C00E40468 /* LoadingCell.xib */,
			);
			path = LoadingCell;
			sourceTree = "<group>";
		};
		933162EB277D3ADF00E40468 /* ArticleTableViewCell */ = {
			isa = PBXGroup;
			children = (
				933162F0277D3BB200E40468 /* ArticleTableViewCell.swift */,
				933162F1277D3BB200E40468 /* ArticleTableViewCell.xib */,
			);
			path = ArticleTableViewCell;
			sourceTree = "<group>";
		};
/* End PBXGroup section */

/* Begin PBXNativeTarget section */
		930664F4277CE86B00196D0C /* NewsAppMVVM */ = {
			isa = PBXNativeTarget;
			buildConfigurationList = 9306651F277CE86C00196D0C /* Build configuration list for PBXNativeTarget "NewsAppMVVM" */;
			buildPhases = (
				930664F1277CE86B00196D0C /* Sources */,
				930664F2277CE86B00196D0C /* Frameworks */,
				930664F3277CE86B00196D0C /* Resources */,
			);
			buildRules = (
			);
			dependencies = (
			);
			name = NewsAppMVVM;
			productName = NewsAppMVVM;
			productReference = 930664F5277CE86B00196D0C /* NewsAppMVVM.app */;
			productType = "com.apple.product-type.application";
		};
		9306650A277CE86C00196D0C /* NewsAppMVVMTests */ = {
			isa = PBXNativeTarget;
			buildConfigurationList = 93066522277CE86C00196D0C /* Build configuration list for PBXNativeTarget "NewsAppMVVMTests" */;
			buildPhases = (
				93066507277CE86C00196D0C /* Sources */,
				93066508277CE86C00196D0C /* Frameworks */,
				93066509277CE86C00196D0C /* Resources */,
			);
			buildRules = (
			);
			dependencies = (
				9306650D277CE86C00196D0C /* PBXTargetDependency */,
			);
			name = NewsAppMVVMTests;
			productName = NewsAppMVVMTests;
			productReference = 9306650B277CE86C00196D0C /* NewsAppMVVMTests.xctest */;
			productType = "com.apple.product-type.bundle.unit-test";
		};
		93066514277CE86C00196D0C /* NewsAppMVVMUITests */ = {
			isa = PBXNativeTarget;
			buildConfigurationList = 93066525277CE86C00196D0C /* Build configuration list for PBXNativeTarget "NewsAppMVVMUITests" */;
			buildPhases = (
				93066511277CE86C00196D0C /* Sources */,
				93066512277CE86C00196D0C /* Frameworks */,
				93066513277CE86C00196D0C /* Resources */,
			);
			buildRules = (
			);
			dependencies = (
				93066517277CE86C00196D0C /* PBXTargetDependency */,
			);
			name = NewsAppMVVMUITests;
			productName = NewsAppMVVMUITests;
			productReference = 93066515277CE86C00196D0C /* NewsAppMVVMUITests.xctest */;
			productType = "com.apple.product-type.bundle.ui-testing";
		};
/* End PBXNativeTarget section */

/* Begin PBXProject section */
		930664ED277CE86B00196D0C /* Project object */ = {
			isa = PBXProject;
			attributes = {
				BuildIndependentTargetsInParallel = 1;
				LastSwiftUpdateCheck = 1310;
				LastUpgradeCheck = 1310;
				TargetAttributes = {
					930664F4277CE86B00196D0C = {
						CreatedOnToolsVersion = 13.1;
					};
					9306650A277CE86C00196D0C = {
						CreatedOnToolsVersion = 13.1;
						TestTargetID = 930664F4277CE86B00196D0C;
					};
					93066514277CE86C00196D0C = {
						CreatedOnToolsVersion = 13.1;
						TestTargetID = 930664F4277CE86B00196D0C;
					};
				};
			};
			buildConfigurationList = 930664F0277CE86B00196D0C /* Build configuration list for PBXProject "NewsAppMVVM" */;
			compatibilityVersion = "Xcode 13.0";
			developmentRegion = en;
			hasScannedForEncodings = 0;
			knownRegions = (
				en,
				Base,
			);
			mainGroup = 930664EC277CE86B00196D0C;
			productRefGroup = 930664F6277CE86B00196D0C /* Products */;
			projectDirPath = "";
			projectRoot = "";
			targets = (
				930664F4277CE86B00196D0C /* NewsAppMVVM */,
				9306650A277CE86C00196D0C /* NewsAppMVVMTests */,
				93066514277CE86C00196D0C /* NewsAppMVVMUITests */,
			);
		};
/* End PBXProject section */

/* Begin PBXResourcesBuildPhase section */
		930664F3277CE86B00196D0C /* Resources */ = {
			isa = PBXResourcesBuildPhase;
			buildActionMask = 2147483647;
			files = (
				933162F3277D3BB200E40468 /* ArticleTableViewCell.xib in Resources */,
				93066505277CE86C00196D0C /* LaunchScreen.storyboard in Resources */,
				93066502277CE86C00196D0C /* Assets.xcassets in Resources */,
				933162EF277D3B1C00E40468 /* LoadingCell.xib in Resources */,
				93066500277CE86B00196D0C /* Main.storyboard in Resources */,
			);
			runOnlyForDeploymentPostprocessing = 0;
		};
		93066509277CE86C00196D0C /* Resources */ = {
			isa = PBXResourcesBuildPhase;
			buildActionMask = 2147483647;
			files = (
			);
			runOnlyForDeploymentPostprocessing = 0;
		};
		93066513277CE86C00196D0C /* Resources */ = {
			isa = PBXResourcesBuildPhase;
			buildActionMask = 2147483647;
			files = (
			);
			runOnlyForDeploymentPostprocessing = 0;
		};
/* End PBXResourcesBuildPhase section */

/* Begin PBXSourcesBuildPhase section */
		930664F1277CE86B00196D0C /* Sources */ = {
			isa = PBXSourcesBuildPhase;
			buildActionMask = 2147483647;
			files = (
				93253084277CFA67004043DE /* Article.swift in Sources */,
				930664F9277CE86B00196D0C /* AppDelegate.swift in Sources */,
				933162EE277D3B1C00E40468 /* LoadingCell.swift in Sources */,
				9306652A277CE9D700196D0C /* NewsListTableViewController.swift in Sources */,
				933162F2277D3BB200E40468 /* ArticleTableViewCell.swift in Sources */,
				93253088277D1EA1004043DE /* ArticleViewModel.swift in Sources */,
				93253082277CF753004043DE /* WebService.swift in Sources */,
				930664FB277CE86B00196D0C /* SceneDelegate.swift in Sources */,
			);
			runOnlyForDeploymentPostprocessing = 0;
		};
		93066507277CE86C00196D0C /* Sources */ = {
			isa = PBXSourcesBuildPhase;
			buildActionMask = 2147483647;
			files = (
				93066510277CE86C00196D0C /* NewsAppMVVMTests.swift in Sources */,
			);
			runOnlyForDeploymentPostprocessing = 0;
		};
		93066511277CE86C00196D0C /* Sources */ = {
			isa = PBXSourcesBuildPhase;
			buildActionMask = 2147483647;
			files = (
				9306651A277CE86C00196D0C /* NewsAppMVVMUITests.swift in Sources */,
				9306651C277CE86C00196D0C /* NewsAppMVVMUITestsLaunchTests.swift in Sources */,
			);
			runOnlyForDeploymentPostprocessing = 0;
		};
/* End PBXSourcesBuildPhase section */

/* Begin PBXTargetDependency section */
		9306650D277CE86C00196D0C /* PBXTargetDependency */ = {
			isa = PBXTargetDependency;
			target = 930664F4277CE86B00196D0C /* NewsAppMVVM */;
			targetProxy = 9306650C277CE86C00196D0C /* PBXContainerItemProxy */;
		};
		93066517277CE86C00196D0C /* PBXTargetDependency */ = {
			isa = PBXTargetDependency;
			target = 930664F4277CE86B00196D0C /* NewsAppMVVM */;
			targetProxy = 93066516277CE86C00196D0C /* PBXContainerItemProxy */;
		};
/* End PBXTargetDependency section */

/* Begin PBXVariantGroup section */
		930664FE277CE86B00196D0C /* Main.storyboard */ = {
			isa = PBXVariantGroup;
			children = (
				930664FF277CE86B00196D0C /* Base */,
			);
			name = Main.storyboard;
			sourceTree = "<group>";
		};
		93066503277CE86C00196D0C /* LaunchScreen.storyboard */ = {
			isa = PBXVariantGroup;
			children = (
				93066504277CE86C00196D0C /* Base */,
			);
			name = LaunchScreen.storyboard;
			sourceTree = "<group>";
		};
/* End PBXVariantGroup section */

/* Begin XCBuildConfiguration section */
		9306651D277CE86C00196D0C /* Debug */ = {
			isa = XCBuildConfiguration;
			buildSettings = {
				ALWAYS_SEARCH_USER_PATHS = NO;
				CLANG_ANALYZER_NONNULL = YES;
				CLANG_ANALYZER_NUMBER_OBJECT_CONVERSION = YES_AGGRESSIVE;
				CLANG_CXX_LANGUAGE_STANDARD = "gnu++17";
				CLANG_CXX_LIBRARY = "libc++";
				CLANG_ENABLE_MODULES = YES;
				CLANG_ENABLE_OBJC_ARC = YES;
				CLANG_ENABLE_OBJC_WEAK = YES;
				CLANG_WARN_BLOCK_CAPTURE_AUTORELEASING = YES;
				CLANG_WARN_BOOL_CONVERSION = YES;
				CLANG_WARN_COMMA = YES;
				CLANG_WARN_CONSTANT_CONVERSION = YES;
				CLANG_WARN_DEPRECATED_OBJC_IMPLEMENTATIONS = YES;
				CLANG_WARN_DIRECT_OBJC_ISA_USAGE = YES_ERROR;
				CLANG_WARN_DOCUMENTATION_COMMENTS = YES;
				CLANG_WARN_EMPTY_BODY = YES;
				CLANG_WARN_ENUM_CONVERSION = YES;
				CLANG_WARN_INFINITE_RECURSION = YES;
				CLANG_WARN_INT_CONVERSION = YES;
				CLANG_WARN_NON_LITERAL_NULL_CONVERSION = YES;
				CLANG_WARN_OBJC_IMPLICIT_RETAIN_SELF = YES;
				CLANG_WARN_OBJC_LITERAL_CONVERSION = YES;
				CLANG_WARN_OBJC_ROOT_CLASS = YES_ERROR;
				CLANG_WARN_QUOTED_INCLUDE_IN_FRAMEWORK_HEADER = YES;
				CLANG_WARN_RANGE_LOOP_ANALYSIS = YES;
				CLANG_WARN_STRICT_PROTOTYPES = YES;
				CLANG_WARN_SUSPICIOUS_MOVE = YES;
				CLANG_WARN_UNGUARDED_AVAILABILITY = YES_AGGRESSIVE;
				CLANG_WARN_UNREACHABLE_CODE = YES;
				CLANG_WARN__DUPLICATE_METHOD_MATCH = YES;
				COPY_PHASE_STRIP = NO;
				DEBUG_INFORMATION_FORMAT = dwarf;
				ENABLE_STRICT_OBJC_MSGSEND = YES;
				ENABLE_TESTABILITY = YES;
				GCC_C_LANGUAGE_STANDARD = gnu11;
				GCC_DYNAMIC_NO_PIC = NO;
				GCC_NO_COMMON_BLOCKS = YES;
				GCC_OPTIMIZATION_LEVEL = 0;
				GCC_PREPROCESSOR_DEFINITIONS = (
					"DEBUG=1",
					"$(inherited)",
				);
				GCC_WARN_64_TO_32_BIT_CONVERSION = YES;
				GCC_WARN_ABOUT_RETURN_TYPE = YES_ERROR;
				GCC_WARN_UNDECLARED_SELECTOR = YES;
				GCC_WARN_UNINITIALIZED_AUTOS = YES_AGGRESSIVE;
				GCC_WARN_UNUSED_FUNCTION = YES;
				GCC_WARN_UNUSED_VARIABLE = YES;
				IPHONEOS_DEPLOYMENT_TARGET = 15.0;
				MTL_ENABLE_DEBUG_INFO = INCLUDE_SOURCE;
				MTL_FAST_MATH = YES;
				ONLY_ACTIVE_ARCH = YES;
				SDKROOT = iphoneos;
				SWIFT_ACTIVE_COMPILATION_CONDITIONS = DEBUG;
				SWIFT_OPTIMIZATION_LEVEL = "-Onone";
			};
			name = Debug;
		};
		9306651E277CE86C00196D0C /* Release */ = {
			isa = XCBuildConfiguration;
			buildSettings = {
				ALWAYS_SEARCH_USER_PATHS = NO;
				CLANG_ANALYZER_NONNULL = YES;
				CLANG_ANALYZER_NUMBER_OBJECT_CONVERSION = YES_AGGRESSIVE;
				CLANG_CXX_LANGUAGE_STANDARD = "gnu++17";
				CLANG_CXX_LIBRARY = "libc++";
				CLANG_ENABLE_MODULES = YES;
				CLANG_ENABLE_OBJC_ARC = YES;
				CLANG_ENABLE_OBJC_WEAK = YES;
				CLANG_WARN_BLOCK_CAPTURE_AUTORELEASING = YES;
				CLANG_WARN_BOOL_CONVERSION = YES;
				CLANG_WARN_COMMA = YES;
				CLANG_WARN_CONSTANT_CONVERSION = YES;
				CLANG_WARN_DEPRECATED_OBJC_IMPLEMENTATIONS = YES;
				CLANG_WARN_DIRECT_OBJC_ISA_USAGE = YES_ERROR;
				CLANG_WARN_DOCUMENTATION_COMMENTS = YES;
				CLANG_WARN_EMPTY_BODY = YES;
				CLANG_WARN_ENUM_CONVERSION = YES;
				CLANG_WARN_INFINITE_RECURSION = YES;
				CLANG_WARN_INT_CONVERSION = YES;
				CLANG_WARN_NON_LITERAL_NULL_CONVERSION = YES;
				CLANG_WARN_OBJC_IMPLICIT_RETAIN_SELF = YES;
				CLANG_WARN_OBJC_LITERAL_CONVERSION = YES;
				CLANG_WARN_OBJC_ROOT_CLASS = YES_ERROR;
				CLANG_WARN_QUOTED_INCLUDE_IN_FRAMEWORK_HEADER = YES;
				CLANG_WARN_RANGE_LOOP_ANALYSIS = YES;
				CLANG_WARN_STRICT_PROTOTYPES = YES;
				CLANG_WARN_SUSPICIOUS_MOVE = YES;
				CLANG_WARN_UNGUARDED_AVAILABILITY = YES_AGGRESSIVE;
				CLANG_WARN_UNREACHABLE_CODE = YES;
				CLANG_WARN__DUPLICATE_METHOD_MATCH = YES;
				COPY_PHASE_STRIP = NO;
				DEBUG_INFORMATION_FORMAT = "dwarf-with-dsym";
				ENABLE_NS_ASSERTIONS = NO;
				ENABLE_STRICT_OBJC_MSGSEND = YES;
				GCC_C_LANGUAGE_STANDARD = gnu11;
				GCC_NO_COMMON_BLOCKS = YES;
				GCC_WARN_64_TO_32_BIT_CONVERSION = YES;
				GCC_WARN_ABOUT_RETURN_TYPE = YES_ERROR;
				GCC_WARN_UNDECLARED_SELECTOR = YES;
				GCC_WARN_UNINITIALIZED_AUTOS = YES_AGGRESSIVE;
				GCC_WARN_UNUSED_FUNCTION = YES;
				GCC_WARN_UNUSED_VARIABLE = YES;
				IPHONEOS_DEPLOYMENT_TARGET = 15.0;
				MTL_ENABLE_DEBUG_INFO = NO;
				MTL_FAST_MATH = YES;
				SDKROOT = iphoneos;
				SWIFT_COMPILATION_MODE = wholemodule;
				SWIFT_OPTIMIZATION_LEVEL = "-O";
				VALIDATE_PRODUCT = YES;
			};
			name = Release;
		};
		93066520277CE86C00196D0C /* Debug */ = {
			isa = XCBuildConfiguration;
			buildSettings = {
				ASSETCATALOG_COMPILER_APPICON_NAME = AppIcon;
				ASSETCATALOG_COMPILER_GLOBAL_ACCENT_COLOR_NAME = AccentColor;
				CODE_SIGN_STYLE = Automatic;
				CURRENT_PROJECT_VERSION = 1;
				DEVELOPMENT_TEAM = U2BKJ22455;
				GENERATE_INFOPLIST_FILE = YES;
				INFOPLIST_FILE = NewsAppMVVM/Info.plist;
				INFOPLIST_KEY_UIApplicationSupportsIndirectInputEvents = YES;
				INFOPLIST_KEY_UILaunchStoryboardName = LaunchScreen;
				INFOPLIST_KEY_UIMainStoryboardFile = Main;
				INFOPLIST_KEY_UISupportedInterfaceOrientations_iPad = "UIInterfaceOrientationPortrait UIInterfaceOrientationPortraitUpsideDown UIInterfaceOrientationLandscapeLeft UIInterfaceOrientationLandscapeRight";
				INFOPLIST_KEY_UISupportedInterfaceOrientations_iPhone = "UIInterfaceOrientationPortrait UIInterfaceOrientationLandscapeLeft UIInterfaceOrientationLandscapeRight";
				LD_RUNPATH_SEARCH_PATHS = (
					"$(inherited)",
					"@executable_path/Frameworks",
				);
				MARKETING_VERSION = 1.0;
				PRODUCT_BUNDLE_IDENTIFIER = com.joorgeroberto.NewsAppMVVM;
				PRODUCT_NAME = "$(TARGET_NAME)";
				SWIFT_EMIT_LOC_STRINGS = YES;
				SWIFT_VERSION = 5.0;
				TARGETED_DEVICE_FAMILY = "1,2";
			};
			name = Debug;
		};
		93066521277CE86C00196D0C /* Release */ = {
			isa = XCBuildConfiguration;
			buildSettings = {
				ASSETCATALOG_COMPILER_APPICON_NAME = AppIcon;
				ASSETCATALOG_COMPILER_GLOBAL_ACCENT_COLOR_NAME = AccentColor;
				CODE_SIGN_STYLE = Automatic;
				CURRENT_PROJECT_VERSION = 1;
				DEVELOPMENT_TEAM = U2BKJ22455;
				GENERATE_INFOPLIST_FILE = YES;
				INFOPLIST_FILE = NewsAppMVVM/Info.plist;
				INFOPLIST_KEY_UIApplicationSupportsIndirectInputEvents = YES;
				INFOPLIST_KEY_UILaunchStoryboardName = LaunchScreen;
				INFOPLIST_KEY_UIMainStoryboardFile = Main;
				INFOPLIST_KEY_UISupportedInterfaceOrientations_iPad = "UIInterfaceOrientationPortrait UIInterfaceOrientationPortraitUpsideDown UIInterfaceOrientationLandscapeLeft UIInterfaceOrientationLandscapeRight";
				INFOPLIST_KEY_UISupportedInterfaceOrientations_iPhone = "UIInterfaceOrientationPortrait UIInterfaceOrientationLandscapeLeft UIInterfaceOrientationLandscapeRight";
				LD_RUNPATH_SEARCH_PATHS = (
					"$(inherited)",
					"@executable_path/Frameworks",
				);
				MARKETING_VERSION = 1.0;
				PRODUCT_BUNDLE_IDENTIFIER = com.joorgeroberto.NewsAppMVVM;
				PRODUCT_NAME = "$(TARGET_NAME)";
				SWIFT_EMIT_LOC_STRINGS = YES;
				SWIFT_VERSION = 5.0;
				TARGETED_DEVICE_FAMILY = "1,2";
			};
			name = Release;
		};
		93066523277CE86C00196D0C /* Debug */ = {
			isa = XCBuildConfiguration;
			buildSettings = {
				ALWAYS_EMBED_SWIFT_STANDARD_LIBRARIES = YES;
				BUNDLE_LOADER = "$(TEST_HOST)";
				CODE_SIGN_STYLE = Automatic;
				CURRENT_PROJECT_VERSION = 1;
				DEVELOPMENT_TEAM = U2BKJ22455;
				GENERATE_INFOPLIST_FILE = YES;
				IPHONEOS_DEPLOYMENT_TARGET = 15.0;
				LD_RUNPATH_SEARCH_PATHS = (
					"$(inherited)",
					"@executable_path/Frameworks",
					"@loader_path/Frameworks",
				);
				MARKETING_VERSION = 1.0;
				PRODUCT_BUNDLE_IDENTIFIER = com.joorgeroberto.NewsAppMVVMTests;
				PRODUCT_NAME = "$(TARGET_NAME)";
				SWIFT_EMIT_LOC_STRINGS = NO;
				SWIFT_VERSION = 5.0;
				TARGETED_DEVICE_FAMILY = "1,2";
				TEST_HOST = "$(BUILT_PRODUCTS_DIR)/NewsAppMVVM.app/NewsAppMVVM";
			};
			name = Debug;
		};
		93066524277CE86C00196D0C /* Release */ = {
			isa = XCBuildConfiguration;
			buildSettings = {
				ALWAYS_EMBED_SWIFT_STANDARD_LIBRARIES = YES;
				BUNDLE_LOADER = "$(TEST_HOST)";
				CODE_SIGN_STYLE = Automatic;
				CURRENT_PROJECT_VERSION = 1;
				DEVELOPMENT_TEAM = U2BKJ22455;
				GENERATE_INFOPLIST_FILE = YES;
				IPHONEOS_DEPLOYMENT_TARGET = 15.0;
				LD_RUNPATH_SEARCH_PATHS = (
					"$(inherited)",
					"@executable_path/Frameworks",
					"@loader_path/Frameworks",
				);
				MARKETING_VERSION = 1.0;
				PRODUCT_BUNDLE_IDENTIFIER = com.joorgeroberto.NewsAppMVVMTests;
				PRODUCT_NAME = "$(TARGET_NAME)";
				SWIFT_EMIT_LOC_STRINGS = NO;
				SWIFT_VERSION = 5.0;
				TARGETED_DEVICE_FAMILY = "1,2";
				TEST_HOST = "$(BUILT_PRODUCTS_DIR)/NewsAppMVVM.app/NewsAppMVVM";
			};
			name = Release;
		};
		93066526277CE86C00196D0C /* Debug */ = {
			isa = XCBuildConfiguration;
			buildSettings = {
				ALWAYS_EMBED_SWIFT_STANDARD_LIBRARIES = YES;
				CODE_SIGN_STYLE = Automatic;
				CURRENT_PROJECT_VERSION = 1;
				DEVELOPMENT_TEAM = U2BKJ22455;
				GENERATE_INFOPLIST_FILE = YES;
				LD_RUNPATH_SEARCH_PATHS = (
					"$(inherited)",
					"@executable_path/Frameworks",
					"@loader_path/Frameworks",
				);
				MARKETING_VERSION = 1.0;
				PRODUCT_BUNDLE_IDENTIFIER = com.joorgeroberto.NewsAppMVVMUITests;
				PRODUCT_NAME = "$(TARGET_NAME)";
				SWIFT_EMIT_LOC_STRINGS = NO;
				SWIFT_VERSION = 5.0;
				TARGETED_DEVICE_FAMILY = "1,2";
				TEST_TARGET_NAME = NewsAppMVVM;
			};
			name = Debug;
		};
		93066527277CE86C00196D0C /* Release */ = {
			isa = XCBuildConfiguration;
			buildSettings = {
				ALWAYS_EMBED_SWIFT_STANDARD_LIBRARIES = YES;
				CODE_SIGN_STYLE = Automatic;
				CURRENT_PROJECT_VERSION = 1;
				DEVELOPMENT_TEAM = U2BKJ22455;
				GENERATE_INFOPLIST_FILE = YES;
				LD_RUNPATH_SEARCH_PATHS = (
					"$(inherited)",
					"@executable_path/Frameworks",
					"@loader_path/Frameworks",
				);
				MARKETING_VERSION = 1.0;
				PRODUCT_BUNDLE_IDENTIFIER = com.joorgeroberto.NewsAppMVVMUITests;
				PRODUCT_NAME = "$(TARGET_NAME)";
				SWIFT_EMIT_LOC_STRINGS = NO;
				SWIFT_VERSION = 5.0;
				TARGETED_DEVICE_FAMILY = "1,2";
				TEST_TARGET_NAME = NewsAppMVVM;
			};
			name = Release;
		};
/* End XCBuildConfiguration section */

/* Begin XCConfigurationList section */
		930664F0277CE86B00196D0C /* Build configuration list for PBXProject "NewsAppMVVM" */ = {
			isa = XCConfigurationList;
			buildConfigurations = (
				9306651D277CE86C00196D0C /* Debug */,
				9306651E277CE86C00196D0C /* Release */,
			);
			defaultConfigurationIsVisible = 0;
			defaultConfigurationName = Release;
		};
		9306651F277CE86C00196D0C /* Build configuration list for PBXNativeTarget "NewsAppMVVM" */ = {
			isa = XCConfigurationList;
			buildConfigurations = (
				93066520277CE86C00196D0C /* Debug */,
				93066521277CE86C00196D0C /* Release */,
			);
			defaultConfigurationIsVisible = 0;
			defaultConfigurationName = Release;
		};
		93066522277CE86C00196D0C /* Build configuration list for PBXNativeTarget "NewsAppMVVMTests" */ = {
			isa = XCConfigurationList;
			buildConfigurations = (
				93066523277CE86C00196D0C /* Debug */,
				93066524277CE86C00196D0C /* Release */,
			);
			defaultConfigurationIsVisible = 0;
			defaultConfigurationName = Release;
		};
		93066525277CE86C00196D0C /* Build configuration list for PBXNativeTarget "NewsAppMVVMUITests" */ = {
			isa = XCConfigurationList;
			buildConfigurations = (
				93066526277CE86C00196D0C /* Debug */,
				93066527277CE86C00196D0C /* Release */,
			);
			defaultConfigurationIsVisible = 0;
			defaultConfigurationName = Release;
		};
/* End XCConfigurationList section */
	};
	rootObject = 930664ED277CE86B00196D0C /* Project object */;
}
